
Microsoft Visual Studio Solution File, Format Version 12.00
# Visual Studio 15
VisualStudioVersion = 15.0.28307.960
MinimumVisualStudioVersion = 10.0.40219.1
Project("{FAE04EC0-301F-11D3-BF4B-00C04F79EFBC}") = "webApiRestRoc", "webApiRestRoc\webApiRestRoc.csproj", "{20422E22-3EDF-45AF-8702-6D3B089EDD3F}"
EndProject
Global
	GlobalSection(SolutionConfigurationPlatforms) = preSolution
		Debug|Any CPU = Debug|Any CPU
		Release|Any CPU = Release|Any CPU
	EndGlobalSection
	GlobalSection(ProjectConfigurationPlatforms) = postSolution
		{20422E22-3EDF-45AF-8702-6D3B089EDD3F}.Debug|Any CPU.ActiveCfg = Debug|Any CPU
		{20422E22-3EDF-45AF-8702-6D3B089EDD3F}.Debug|Any CPU.Build.0 = Debug|Any CPU
		{20422E22-3EDF-45AF-8702-6D3B089EDD3F}.Release|Any CPU.ActiveCfg = Release|Any CPU
		{20422E22-3EDF-45AF-8702-6D3B089EDD3F}.Release|Any CPU.Build.0 = Release|Any CPU
	EndGlobalSection
	GlobalSection(SolutionProperties) = preSolution
		HideSolutionNode = FALSE
	EndGlobalSection
	GlobalSection(ExtensibilityGlobals) = postSolution
		SolutionGuid = {B10D68F3-97E4-40B2-BE17-817F925BAAA5}
	EndGlobalSection
EndGlobal
